
Microsoft Visual Studio Solution File, Format Version 12.00
# Visual Studio Version 17
VisualStudioVersion = 17.4.33205.214
MinimumVisualStudioVersion = 10.0.40219.1
Project("{FAE04EC0-301F-11D3-BF4B-00C04F79EFBC}") = "Api1", "Api1\Api1.csproj", "{7774C734-6291-43D1-98FB-A470F20E77FD}"
EndProject
Global
	GlobalSection(SolutionConfigurationPlatforms) = preSolution
		Debug|Any CPU = Debug|Any CPU
		Release|Any CPU = Release|Any CPU
	EndGlobalSection
	GlobalSection(ProjectConfigurationPlatforms) = postSolution
		{7774C734-6291-43D1-98FB-A470F20E77FD}.Debug|Any CPU.ActiveCfg = Debug|Any CPU
		{7774C734-6291-43D1-98FB-A470F20E77FD}.Debug|Any CPU.Build.0 = Debug|Any CPU
		{7774C734-6291-43D1-98FB-A470F20E77FD}.Release|Any CPU.ActiveCfg = Release|Any CPU
		{7774C734-6291-43D1-98FB-A470F20E77FD}.Release|Any CPU.Build.0 = Release|Any CPU
	EndGlobalSection
	GlobalSection(SolutionProperties) = preSolution
		HideSolutionNode = FALSE
	EndGlobalSection
	GlobalSection(ExtensibilityGlobals) = postSolution
		SolutionGuid = {C4C957FD-3C81-4977-B279-CC6CF7562248}
	EndGlobalSection
EndGlobal
